
Microsoft Visual Studio Solution File, Format Version 12.00
# Visual Studio Version 17
VisualStudioVersion = 17.0.31903.59
MinimumVisualStudioVersion = 10.0.40219.1
Project("{F2A71F9B-5D33-465A-A702-920D77279786}") = "day1", "day1\day1.fsproj", "{ECD0A049-E5CD-41E4-A16E-BCAE6C0AD247}"
EndProject
Project("{F2A71F9B-5D33-465A-A702-920D77279786}") = "day2", "day2\day2.fsproj", "{E7842859-92A6-4AD0-886D-674B7B36E1D8}"
EndProject
Project("{F2A71F9B-5D33-465A-A702-920D77279786}") = "day3", "day3\day3.fsproj", "{9F53E22C-E2D1-4756-92D3-CE48402B3E42}"
EndProject
Project("{F2A71F9B-5D33-465A-A702-920D77279786}") = "day4", "day4\day4.fsproj", "{1D2B84E1-877B-43DF-9E84-F03E2764323C}"
EndProject
Project("{F2A71F9B-5D33-465A-A702-920D77279786}") = "day5", "day5\day5.fsproj", "{482B284F-1978-45A1-BD5B-DCBA4A69AC7C}"
EndProject
Project("{F2A71F9B-5D33-465A-A702-920D77279786}") = "day6", "day6\day6.fsproj", "{993D3BA1-EBC0-412C-8986-F9435768E765}"
EndProject
Project("{F2A71F9B-5D33-465A-A702-920D77279786}") = "day7", "day7\day7.fsproj", "{E28B8F71-F176-4C8E-BF36-2D39E301C0A7}"
EndProject
Project("{F2A71F9B-5D33-465A-A702-920D77279786}") = "day8", "day8\day8.fsproj", "{24F38765-69F3-47B7-B1F4-AB09CB3D210A}"
EndProject
Project("{F2A71F9B-5D33-465A-A702-920D77279786}") = "day9", "day9\day9.fsproj", "{E8F4DD04-CDA7-424C-A339-E89FB9B2EC1E}"
EndProject
Project("{F2A71F9B-5D33-465A-A702-920D77279786}") = "day10", "day10\day10.fsproj", "{665FF00F-B620-4D25-9563-902E5F336333}"
EndProject
Project("{F2A71F9B-5D33-465A-A702-920D77279786}") = "day11", "day11\day11.fsproj", "{D83B7480-7931-4CCE-A93F-E4CB7BEAB26F}"
EndProject
Project("{F2A71F9B-5D33-465A-A702-920D77279786}") = "day12", "day12\day12.fsproj", "{F349B230-CECF-495F-B37D-63862BDEB597}"
EndProject
Project("{F2A71F9B-5D33-465A-A702-920D77279786}") = "day13", "day13\day13.fsproj", "{5D6890CF-7901-43BB-8A30-0CD3F895846A}"
EndProject
Project("{F2A71F9B-5D33-465A-A702-920D77279786}") = "day14", "day14\day14.fsproj", "{8C8D5D9E-5B29-4462-A3EA-D3069CA2ABAC}"
EndProject
Project("{F2A71F9B-5D33-465A-A702-920D77279786}") = "day15", "day15\day15.fsproj", "{FBB77761-35DA-4424-BD61-331F173F7113}"
EndProject
Project("{F2A71F9B-5D33-465A-A702-920D77279786}") = "day16", "day16\day16.fsproj", "{CE18AADB-2A14-4603-8D91-4411EFB10051}"
EndProject
Project("{F2A71F9B-5D33-465A-A702-920D77279786}") = "day17", "day17\day17.fsproj", "{3699DFC8-9DBE-4E87-AE54-142132954900}"
EndProject
Global
	GlobalSection(SolutionConfigurationPlatforms) = preSolution
		Debug|Any CPU = Debug|Any CPU
		Release|Any CPU = Release|Any CPU
	EndGlobalSection
	GlobalSection(SolutionProperties) = preSolution
		HideSolutionNode = FALSE
	EndGlobalSection
	GlobalSection(ProjectConfigurationPlatforms) = postSolution
		{ECD0A049-E5CD-41E4-A16E-BCAE6C0AD247}.Debug|Any CPU.ActiveCfg = Debug|Any CPU
		{ECD0A049-E5CD-41E4-A16E-BCAE6C0AD247}.Debug|Any CPU.Build.0 = Debug|Any CPU
		{ECD0A049-E5CD-41E4-A16E-BCAE6C0AD247}.Release|Any CPU.ActiveCfg = Release|Any CPU
		{ECD0A049-E5CD-41E4-A16E-BCAE6C0AD247}.Release|Any CPU.Build.0 = Release|Any CPU
		{E7842859-92A6-4AD0-886D-674B7B36E1D8}.Debug|Any CPU.ActiveCfg = Debug|Any CPU
		{E7842859-92A6-4AD0-886D-674B7B36E1D8}.Debug|Any CPU.Build.0 = Debug|Any CPU
		{E7842859-92A6-4AD0-886D-674B7B36E1D8}.Release|Any CPU.ActiveCfg = Release|Any CPU
		{E7842859-92A6-4AD0-886D-674B7B36E1D8}.Release|Any CPU.Build.0 = Release|Any CPU
		{9F53E22C-E2D1-4756-92D3-CE48402B3E42}.Debug|Any CPU.ActiveCfg = Debug|Any CPU
		{9F53E22C-E2D1-4756-92D3-CE48402B3E42}.Debug|Any CPU.Build.0 = Debug|Any CPU
		{9F53E22C-E2D1-4756-92D3-CE48402B3E42}.Release|Any CPU.ActiveCfg = Release|Any CPU
		{9F53E22C-E2D1-4756-92D3-CE48402B3E42}.Release|Any CPU.Build.0 = Release|Any CPU
		{1D2B84E1-877B-43DF-9E84-F03E2764323C}.Debug|Any CPU.ActiveCfg = Debug|Any CPU
		{1D2B84E1-877B-43DF-9E84-F03E2764323C}.Debug|Any CPU.Build.0 = Debug|Any CPU
		{1D2B84E1-877B-43DF-9E84-F03E2764323C}.Release|Any CPU.ActiveCfg = Release|Any CPU
		{1D2B84E1-877B-43DF-9E84-F03E2764323C}.Release|Any CPU.Build.0 = Release|Any CPU
		{482B284F-1978-45A1-BD5B-DCBA4A69AC7C}.Debug|Any CPU.ActiveCfg = Debug|Any CPU
		{482B284F-1978-45A1-BD5B-DCBA4A69AC7C}.Debug|Any CPU.Build.0 = Debug|Any CPU
		{482B284F-1978-45A1-BD5B-DCBA4A69AC7C}.Release|Any CPU.ActiveCfg = Release|Any CPU
		{482B284F-1978-45A1-BD5B-DCBA4A69AC7C}.Release|Any CPU.Build.0 = Release|Any CPU
		{993D3BA1-EBC0-412C-8986-F9435768E765}.Debug|Any CPU.ActiveCfg = Debug|Any CPU
		{993D3BA1-EBC0-412C-8986-F9435768E765}.Debug|Any CPU.Build.0 = Debug|Any CPU
		{993D3BA1-EBC0-412C-8986-F9435768E765}.Release|Any CPU.ActiveCfg = Release|Any CPU
		{993D3BA1-EBC0-412C-8986-F9435768E765}.Release|Any CPU.Build.0 = Release|Any CPU
		{E28B8F71-F176-4C8E-BF36-2D39E301C0A7}.Debug|Any CPU.ActiveCfg = Debug|Any CPU
		{E28B8F71-F176-4C8E-BF36-2D39E301C0A7}.Debug|Any CPU.Build.0 = Debug|Any CPU
		{E28B8F71-F176-4C8E-BF36-2D39E301C0A7}.Release|Any CPU.ActiveCfg = Release|Any CPU
		{E28B8F71-F176-4C8E-BF36-2D39E301C0A7}.Release|Any CPU.Build.0 = Release|Any CPU
		{24F38765-69F3-47B7-B1F4-AB09CB3D210A}.Debug|Any CPU.ActiveCfg = Debug|Any CPU
		{24F38765-69F3-47B7-B1F4-AB09CB3D210A}.Debug|Any CPU.Build.0 = Debug|Any CPU
		{24F38765-69F3-47B7-B1F4-AB09CB3D210A}.Release|Any CPU.ActiveCfg = Release|Any CPU
		{24F38765-69F3-47B7-B1F4-AB09CB3D210A}.Release|Any CPU.Build.0 = Release|Any CPU
		{665FF00F-B620-4D25-9563-902E5F336333}.Debug|Any CPU.ActiveCfg = Debug|Any CPU
		{665FF00F-B620-4D25-9563-902E5F336333}.Debug|Any CPU.Build.0 = Debug|Any CPU
		{E8F4DD04-CDA7-424C-A339-E89FB9B2EC1E}.Debug|Any CPU.ActiveCfg = Debug|Any CPU
		{E8F4DD04-CDA7-424C-A339-E89FB9B2EC1E}.Debug|Any CPU.Build.0 = Debug|Any CPU
		{D83B7480-7931-4CCE-A93F-E4CB7BEAB26F}.Debug|Any CPU.ActiveCfg = Debug|Any CPU
		{D83B7480-7931-4CCE-A93F-E4CB7BEAB26F}.Debug|Any CPU.Build.0 = Debug|Any CPU
		{D83B7480-7931-4CCE-A93F-E4CB7BEAB26F}.Release|Any CPU.ActiveCfg = Release|Any CPU
		{D83B7480-7931-4CCE-A93F-E4CB7BEAB26F}.Release|Any CPU.Build.0 = Release|Any CPU
		{F349B230-CECF-495F-B37D-63862BDEB597}.Debug|Any CPU.ActiveCfg = Debug|Any CPU
		{F349B230-CECF-495F-B37D-63862BDEB597}.Debug|Any CPU.Build.0 = Debug|Any CPU
		{F349B230-CECF-495F-B37D-63862BDEB597}.Release|Any CPU.ActiveCfg = Release|Any CPU
		{F349B230-CECF-495F-B37D-63862BDEB597}.Release|Any CPU.Build.0 = Release|Any CPU
		{5D6890CF-7901-43BB-8A30-0CD3F895846A}.Debug|Any CPU.ActiveCfg = Debug|Any CPU
		{5D6890CF-7901-43BB-8A30-0CD3F895846A}.Debug|Any CPU.Build.0 = Debug|Any CPU
		{5D6890CF-7901-43BB-8A30-0CD3F895846A}.Release|Any CPU.ActiveCfg = Release|Any CPU
		{5D6890CF-7901-43BB-8A30-0CD3F895846A}.Release|Any CPU.Build.0 = Release|Any CPU
		{8C8D5D9E-5B29-4462-A3EA-D3069CA2ABAC}.Debug|Any CPU.ActiveCfg = Debug|Any CPU
		{8C8D5D9E-5B29-4462-A3EA-D3069CA2ABAC}.Debug|Any CPU.Build.0 = Debug|Any CPU
		{8C8D5D9E-5B29-4462-A3EA-D3069CA2ABAC}.Release|Any CPU.ActiveCfg = Release|Any CPU
		{8C8D5D9E-5B29-4462-A3EA-D3069CA2ABAC}.Release|Any CPU.Build.0 = Release|Any CPU
		{FBB77761-35DA-4424-BD61-331F173F7113}.Debug|Any CPU.ActiveCfg = Debug|Any CPU
		{FBB77761-35DA-4424-BD61-331F173F7113}.Debug|Any CPU.Build.0 = Debug|Any CPU
		{FBB77761-35DA-4424-BD61-331F173F7113}.Release|Any CPU.ActiveCfg = Release|Any CPU
		{FBB77761-35DA-4424-BD61-331F173F7113}.Release|Any CPU.Build.0 = Release|Any CPU
		{CE18AADB-2A14-4603-8D91-4411EFB10051}.Debug|Any CPU.ActiveCfg = Debug|Any CPU
		{CE18AADB-2A14-4603-8D91-4411EFB10051}.Debug|Any CPU.Build.0 = Debug|Any CPU
		{CE18AADB-2A14-4603-8D91-4411EFB10051}.Release|Any CPU.ActiveCfg = Release|Any CPU
		{CE18AADB-2A14-4603-8D91-4411EFB10051}.Release|Any CPU.Build.0 = Release|Any CPU
		{3699DFC8-9DBE-4E87-AE54-142132954900}.Debug|Any CPU.ActiveCfg = Debug|Any CPU
		{3699DFC8-9DBE-4E87-AE54-142132954900}.Debug|Any CPU.Build.0 = Debug|Any CPU
		{3699DFC8-9DBE-4E87-AE54-142132954900}.Release|Any CPU.ActiveCfg = Release|Any CPU
		{3699DFC8-9DBE-4E87-AE54-142132954900}.Release|Any CPU.Build.0 = Release|Any CPU
	EndGlobalSection
EndGlobal
