
Microsoft Visual Studio Solution File, Format Version 12.00
# Visual Studio Version 17
VisualStudioVersion = 17.0.31903.59
MinimumVisualStudioVersion = 10.0.40219.1
Project("{F2A71F9B-5D33-465A-A702-920D77279786}") = "day1", "day1\day1.fsproj", "{ECD0A049-E5CD-41E4-A16E-BCAE6C0AD247}"
EndProject
Project("{F2A71F9B-5D33-465A-A702-920D77279786}") = "day2", "day2\day2.fsproj", "{E7842859-92A6-4AD0-886D-674B7B36E1D8}"
EndProject
Project("{F2A71F9B-5D33-465A-A702-920D77279786}") = "day3", "day3\day3.fsproj", "{9F53E22C-E2D1-4756-92D3-CE48402B3E42}"
EndProject
Project("{F2A71F9B-5D33-465A-A702-920D77279786}") = "day4", "day4\day4.fsproj", "{1D2B84E1-877B-43DF-9E84-F03E2764323C}"
EndProject
Project("{F2A71F9B-5D33-465A-A702-920D77279786}") = "day5", "day5\day5.fsproj", "{482B284F-1978-45A1-BD5B-DCBA4A69AC7C}"
EndProject
Project("{F2A71F9B-5D33-465A-A702-920D77279786}") = "day6", "day6\day6.fsproj", "{993D3BA1-EBC0-412C-8986-F9435768E765}"
EndProject
Project("{F2A71F9B-5D33-465A-A702-920D77279786}") = "day7", "day7\day7.fsproj", "{E28B8F71-F176-4C8E-BF36-2D39E301C0A7}"
EndProject
Project("{F2A71F9B-5D33-465A-A702-920D77279786}") = "day8", "day8\day8.fsproj", "{24F38765-69F3-47B7-B1F4-AB09CB3D210A}"
EndProject
Project("{F2A71F9B-5D33-465A-A702-920D77279786}") = "day9", "day9\day9.fsproj", "{E8F4DD04-CDA7-424C-A339-E89FB9B2EC1E}"
EndProject
Global
	GlobalSection(SolutionConfigurationPlatforms) = preSolution
		Debug|Any CPU = Debug|Any CPU
		Release|Any CPU = Release|Any CPU
	EndGlobalSection
	GlobalSection(SolutionProperties) = preSolution
		HideSolutionNode = FALSE
	EndGlobalSection
	GlobalSection(ProjectConfigurationPlatforms) = postSolution
		{ECD0A049-E5CD-41E4-A16E-BCAE6C0AD247}.Debug|Any CPU.ActiveCfg = Debug|Any CPU
		{ECD0A049-E5CD-41E4-A16E-BCAE6C0AD247}.Debug|Any CPU.Build.0 = Debug|Any CPU
		{ECD0A049-E5CD-41E4-A16E-BCAE6C0AD247}.Release|Any CPU.ActiveCfg = Release|Any CPU
		{ECD0A049-E5CD-41E4-A16E-BCAE6C0AD247}.Release|Any CPU.Build.0 = Release|Any CPU
		{E7842859-92A6-4AD0-886D-674B7B36E1D8}.Debug|Any CPU.ActiveCfg = Debug|Any CPU
		{E7842859-92A6-4AD0-886D-674B7B36E1D8}.Debug|Any CPU.Build.0 = Debug|Any CPU
		{E7842859-92A6-4AD0-886D-674B7B36E1D8}.Release|Any CPU.ActiveCfg = Release|Any CPU
		{E7842859-92A6-4AD0-886D-674B7B36E1D8}.Release|Any CPU.Build.0 = Release|Any CPU
		{9F53E22C-E2D1-4756-92D3-CE48402B3E42}.Debug|Any CPU.ActiveCfg = Debug|Any CPU
		{9F53E22C-E2D1-4756-92D3-CE48402B3E42}.Debug|Any CPU.Build.0 = Debug|Any CPU
		{9F53E22C-E2D1-4756-92D3-CE48402B3E42}.Release|Any CPU.ActiveCfg = Release|Any CPU
		{9F53E22C-E2D1-4756-92D3-CE48402B3E42}.Release|Any CPU.Build.0 = Release|Any CPU
		{1D2B84E1-877B-43DF-9E84-F03E2764323C}.Debug|Any CPU.ActiveCfg = Debug|Any CPU
		{1D2B84E1-877B-43DF-9E84-F03E2764323C}.Debug|Any CPU.Build.0 = Debug|Any CPU
		{1D2B84E1-877B-43DF-9E84-F03E2764323C}.Release|Any CPU.ActiveCfg = Release|Any CPU
		{1D2B84E1-877B-43DF-9E84-F03E2764323C}.Release|Any CPU.Build.0 = Release|Any CPU
		{482B284F-1978-45A1-BD5B-DCBA4A69AC7C}.Debug|Any CPU.ActiveCfg = Debug|Any CPU
		{482B284F-1978-45A1-BD5B-DCBA4A69AC7C}.Debug|Any CPU.Build.0 = Debug|Any CPU
		{482B284F-1978-45A1-BD5B-DCBA4A69AC7C}.Release|Any CPU.ActiveCfg = Release|Any CPU
		{482B284F-1978-45A1-BD5B-DCBA4A69AC7C}.Release|Any CPU.Build.0 = Release|Any CPU
		{993D3BA1-EBC0-412C-8986-F9435768E765}.Debug|Any CPU.ActiveCfg = Debug|Any CPU
		{993D3BA1-EBC0-412C-8986-F9435768E765}.Debug|Any CPU.Build.0 = Debug|Any CPU
		{993D3BA1-EBC0-412C-8986-F9435768E765}.Release|Any CPU.ActiveCfg = Release|Any CPU
		{993D3BA1-EBC0-412C-8986-F9435768E765}.Release|Any CPU.Build.0 = Release|Any CPU
		{E28B8F71-F176-4C8E-BF36-2D39E301C0A7}.Debug|Any CPU.ActiveCfg = Debug|Any CPU
		{E28B8F71-F176-4C8E-BF36-2D39E301C0A7}.Debug|Any CPU.Build.0 = Debug|Any CPU
		{E28B8F71-F176-4C8E-BF36-2D39E301C0A7}.Release|Any CPU.ActiveCfg = Release|Any CPU
		{E28B8F71-F176-4C8E-BF36-2D39E301C0A7}.Release|Any CPU.Build.0 = Release|Any CPU
		{24F38765-69F3-47B7-B1F4-AB09CB3D210A}.Debug|Any CPU.ActiveCfg = Debug|Any CPU
		{24F38765-69F3-47B7-B1F4-AB09CB3D210A}.Debug|Any CPU.Build.0 = Debug|Any CPU
		{24F38765-69F3-47B7-B1F4-AB09CB3D210A}.Release|Any CPU.ActiveCfg = Release|Any CPU
		{24F38765-69F3-47B7-B1F4-AB09CB3D210A}.Release|Any CPU.Build.0 = Release|Any CPU
		{E8F4DD04-CDA7-424C-A339-E89FB9B2EC1E}.Debug|Any CPU.ActiveCfg = Debug|Any CPU
		{E8F4DD04-CDA7-424C-A339-E89FB9B2EC1E}.Debug|Any CPU.Build.0 = Debug|Any CPU
		{E8F4DD04-CDA7-424C-A339-E89FB9B2EC1E}.Release|Any CPU.ActiveCfg = Release|Any CPU
		{E8F4DD04-CDA7-424C-A339-E89FB9B2EC1E}.Release|Any CPU.Build.0 = Release|Any CPU
	EndGlobalSection
EndGlobal
